
Microsoft Visual Studio Solution File, Format Version 12.00
# Visual Studio Version 16
VisualStudioVersion = 16.0.31005.135
MinimumVisualStudioVersion = 10.0.40219.1
Project("{FAE04EC0-301F-11D3-BF4B-00C04F79EFBC}") = "wgerwrapper", "wgerwrapper\wgerwrapper.csproj", "{B4D89F4D-9048-4229-A2D8-160C4193C75E}"
EndProject
Global
	GlobalSection(SolutionConfigurationPlatforms) = preSolution
		Debug|Any CPU = Debug|Any CPU
		Release|Any CPU = Release|Any CPU
	EndGlobalSection
	GlobalSection(ProjectConfigurationPlatforms) = postSolution
		{B4D89F4D-9048-4229-A2D8-160C4193C75E}.Debug|Any CPU.ActiveCfg = Debug|Any CPU
		{B4D89F4D-9048-4229-A2D8-160C4193C75E}.Debug|Any CPU.Build.0 = Debug|Any CPU
		{B4D89F4D-9048-4229-A2D8-160C4193C75E}.Release|Any CPU.ActiveCfg = Release|Any CPU
		{B4D89F4D-9048-4229-A2D8-160C4193C75E}.Release|Any CPU.Build.0 = Release|Any CPU
	EndGlobalSection
	GlobalSection(SolutionProperties) = preSolution
		HideSolutionNode = FALSE
	EndGlobalSection
	GlobalSection(ExtensibilityGlobals) = postSolution
		SolutionGuid = {98CD9AE6-E653-459D-B9F0-BE228CF8F1D8}
	EndGlobalSection
EndGlobal
